
Microsoft Visual Studio Solution File, Format Version 12.00
Project("{FAE04EC0-301F-11D3-BF4B-00C04F79EFBC}") = "Nke.NetTools.WakeOnLan", "Nke.NetTools.WakeOnLan\Nke.NetTools.WakeOnLan.csproj", "{1DD9A7D9-30F9-4BDA-A536-8E770F7F7862}"
EndProject
Project("{FAE04EC0-301F-11D3-BF4B-00C04F79EFBC}") = "Nke.NetTools.WakeOnLan.Tests", "Nke.NetTools.WakeOnLan.Tests\Nke.NetTools.WakeOnLan.Tests.csproj", "{ACD0712C-45EC-4EC0-988D-3BA4DBEBDA1E}"
EndProject
Global
	GlobalSection(SolutionConfigurationPlatforms) = preSolution
		Debug|Any CPU = Debug|Any CPU
		Release|Any CPU = Release|Any CPU
	EndGlobalSection
	GlobalSection(ProjectConfigurationPlatforms) = postSolution
		{1DD9A7D9-30F9-4BDA-A536-8E770F7F7862}.Debug|Any CPU.ActiveCfg = Debug|Any CPU
		{1DD9A7D9-30F9-4BDA-A536-8E770F7F7862}.Debug|Any CPU.Build.0 = Debug|Any CPU
		{1DD9A7D9-30F9-4BDA-A536-8E770F7F7862}.Release|Any CPU.ActiveCfg = Release|Any CPU
		{1DD9A7D9-30F9-4BDA-A536-8E770F7F7862}.Release|Any CPU.Build.0 = Release|Any CPU
		{ACD0712C-45EC-4EC0-988D-3BA4DBEBDA1E}.Debug|Any CPU.ActiveCfg = Debug|Any CPU
		{ACD0712C-45EC-4EC0-988D-3BA4DBEBDA1E}.Debug|Any CPU.Build.0 = Debug|Any CPU
		{ACD0712C-45EC-4EC0-988D-3BA4DBEBDA1E}.Release|Any CPU.ActiveCfg = Release|Any CPU
		{ACD0712C-45EC-4EC0-988D-3BA4DBEBDA1E}.Release|Any CPU.Build.0 = Release|Any CPU
	EndGlobalSection
EndGlobal
